{
	"name": "macro-compiler",
	"version": "1.0.0",
	"lockfileVersion": 2,
	"requires": true,
	"packages": {
		"": {
			"name": "macro-compiler",
			"version": "1.0.0",
			"license": "ISC",
			"bin": {
				"macro-compiler": "lib/cli.js"
			},
			"devDependencies": {
				"@types/node": "^18.14.0"
			}
		},
		"node_modules/.pnpm/@types+node@18.14.0/node_modules/@types/node": {
			"version": "18.14.0",
			"dev": true,
			"license": "MIT"
		},
		"node_modules/.pnpm/typescript@4.9.5": {
			"extraneous": true
		},
		"node_modules/@types/node": {
			"resolved": "node_modules/.pnpm/@types+node@18.14.0/node_modules/@types/node",
			"link": true
		}
	},
	"dependencies": {
		"@types/node": {
			"version": "file:node_modules/.pnpm/@types+node@18.14.0/node_modules/@types/node"
		}
	}
}
